
Microsoft Visual Studio Solution File, Format Version 12.00
# Visual Studio 15
VisualStudioVersion = 15.0.28010.2019
MinimumVisualStudioVersion = 10.0.40219.1
Project("{FAE04EC0-301F-11D3-BF4B-00C04F79EFBC}") = "GUI", "GUI\GUI.csproj", "{10050C28-CF8E-4378-853E-6E9E7881A97A}"
EndProject
Global
	GlobalSection(SolutionConfigurationPlatforms) = preSolution
		Debug|Any CPU = Debug|Any CPU
		Release|Any CPU = Release|Any CPU
	EndGlobalSection
	GlobalSection(ProjectConfigurationPlatforms) = postSolution
		{10050C28-CF8E-4378-853E-6E9E7881A97A}.Debug|Any CPU.ActiveCfg = Debug|Any CPU
		{10050C28-CF8E-4378-853E-6E9E7881A97A}.Debug|Any CPU.Build.0 = Debug|Any CPU
		{10050C28-CF8E-4378-853E-6E9E7881A97A}.Release|Any CPU.ActiveCfg = Release|Any CPU
		{10050C28-CF8E-4378-853E-6E9E7881A97A}.Release|Any CPU.Build.0 = Release|Any CPU
	EndGlobalSection
	GlobalSection(SolutionProperties) = preSolution
		HideSolutionNode = FALSE
	EndGlobalSection
	GlobalSection(ExtensibilityGlobals) = postSolution
		SolutionGuid = {5F494F7A-8CFD-411E-9DF0-0B79A4F7BAC8}
	EndGlobalSection
EndGlobal
